
Microsoft Visual Studio Solution File, Format Version 12.00
# Visual Studio Version 17
VisualStudioVersion = 17.5.33530.505
MinimumVisualStudioVersion = 10.0.40219.1
Project("{FAE04EC0-301F-11D3-BF4B-00C04F79EFBC}") = "AnimationEffectProvider", "AnimationEffectProvider\AnimationEffectProvider.csproj", "{351846D6-2A0D-4141-B772-D6220F994A13}"
EndProject
Project("{9A19103F-16F7-4668-BE54-9A1E7A4F7556}") = "AuxiliaryTrustProcess", "AuxiliaryTrustProcess\AuxiliaryTrustProcess.csproj", "{16686128-D28E-4176-ADE1-24D3C755B811}"
EndProject
Project("{FAE04EC0-301F-11D3-BF4B-00C04F79EFBC}") = "ComputerVision", "ComputerVision\ComputerVision.csproj", "{D028DE76-655B-47BC-9B59-10FC5710FBFC}"
EndProject
Project("{FAE04EC0-301F-11D3-BF4B-00C04F79EFBC}") = "MaintenanceTask", "MaintenanceTask\MaintenanceTask.csproj", "{A4BF6CD2-7DF0-47AC-BD07-3F277C75109C}"
EndProject
Project("{9A19103F-16F7-4668-BE54-9A1E7A4F7556}") = "MonitorTrustProcess", "MonitorTrustProcess\MonitorTrustProcess.csproj", "{F785B646-4341-4E7A-8E5C-2311962EB1C3}"
EndProject
Project("{9A19103F-16F7-4668-BE54-9A1E7A4F7556}") = "SharedLibrary", "SharedLibrary\SharedLibrary.csproj", "{35F433B9-9C80-4CA4-9731-CF7F683ED777}"
EndProject
Project("{8BC9CEB8-8B4A-11D0-8D11-00A0C91BC942}") = "OpenDirectoryExt", "OpenDirectoryExt\OpenDirectoryExt.vcxproj", "{594B5EAB-CD1D-4D77-8638-5DF9879505BA}"
EndProject
Project("{8BC9CEB8-8B4A-11D0-8D11-00A0C91BC942}") = "SystemInformationProvider", "SystemInformationProvider\SystemInformationProvider.vcxproj", "{933EBDE5-396B-4435-B937-77DDB29D5D75}"
EndProject
Project("{9A19103F-16F7-4668-BE54-9A1E7A4F7556}") = "SystemLaunchHelper", "SystemLaunchHelper\SystemLaunchHelper.csproj", "{165AB510-AA88-455E-AA94-1EEC898FBFB3}"
EndProject
Project("{9A19103F-16F7-4668-BE54-9A1E7A4F7556}") = "TrustProcessLauncher", "TrustProcessLauncher\TrustProcessLauncher.csproj", "{79632033-7B50-4D87-B28F-264ED887EB80}"
EndProject
Project("{FAE04EC0-301F-11D3-BF4B-00C04F79EFBC}") = "UpdateCheckBackgroundTask", "UpdateCheckBackgroundTask\UpdateCheckBackgroundTask.csproj", "{018CA960-3EA0-4737-9B99-0B2E3F8FD079}"
EndProject
Project("{FAE04EC0-301F-11D3-BF4B-00C04F79EFBC}") = "RX_Explorer", "RX_Explorer\RX_Explorer.csproj", "{3B123CF9-6A0F-4B5D-BAA2-2A3CCAED6946}"
EndProject
Global
	GlobalSection(SolutionConfigurationPlatforms) = preSolution
		Debug|Any CPU = Debug|Any CPU
		Debug|ARM = Debug|ARM
		Debug|ARM64 = Debug|ARM64
		Debug|x64 = Debug|x64
		Debug|x86 = Debug|x86
		Release|Any CPU = Release|Any CPU
		Release|ARM = Release|ARM
		Release|ARM64 = Release|ARM64
		Release|x64 = Release|x64
		Release|x86 = Release|x86
	EndGlobalSection
	GlobalSection(ProjectConfigurationPlatforms) = postSolution
		{351846D6-2A0D-4141-B772-D6220F994A13}.Debug|Any CPU.ActiveCfg = Debug|Any CPU
		{351846D6-2A0D-4141-B772-D6220F994A13}.Debug|Any CPU.Build.0 = Debug|Any CPU
		{351846D6-2A0D-4141-B772-D6220F994A13}.Debug|ARM.ActiveCfg = Debug|ARM
		{351846D6-2A0D-4141-B772-D6220F994A13}.Debug|ARM.Build.0 = Debug|ARM
		{351846D6-2A0D-4141-B772-D6220F994A13}.Debug|ARM64.ActiveCfg = Debug|ARM64
		{351846D6-2A0D-4141-B772-D6220F994A13}.Debug|ARM64.Build.0 = Debug|ARM64
		{351846D6-2A0D-4141-B772-D6220F994A13}.Debug|x64.ActiveCfg = Debug|x64
		{351846D6-2A0D-4141-B772-D6220F994A13}.Debug|x64.Build.0 = Debug|x64
		{351846D6-2A0D-4141-B772-D6220F994A13}.Debug|x86.ActiveCfg = Debug|x86
		{351846D6-2A0D-4141-B772-D6220F994A13}.Debug|x86.Build.0 = Debug|x86
		{351846D6-2A0D-4141-B772-D6220F994A13}.Release|Any CPU.ActiveCfg = Release|Any CPU
		{351846D6-2A0D-4141-B772-D6220F994A13}.Release|Any CPU.Build.0 = Release|Any CPU
		{351846D6-2A0D-4141-B772-D6220F994A13}.Release|ARM.ActiveCfg = Release|ARM
		{351846D6-2A0D-4141-B772-D6220F994A13}.Release|ARM.Build.0 = Release|ARM
		{351846D6-2A0D-4141-B772-D6220F994A13}.Release|ARM64.ActiveCfg = Release|ARM64
		{351846D6-2A0D-4141-B772-D6220F994A13}.Release|ARM64.Build.0 = Release|ARM64
		{351846D6-2A0D-4141-B772-D6220F994A13}.Release|x64.ActiveCfg = Release|x64
		{351846D6-2A0D-4141-B772-D6220F994A13}.Release|x64.Build.0 = Release|x64
		{351846D6-2A0D-4141-B772-D6220F994A13}.Release|x86.ActiveCfg = Release|x86
		{351846D6-2A0D-4141-B772-D6220F994A13}.Release|x86.Build.0 = Release|x86
		{16686128-D28E-4176-ADE1-24D3C755B811}.Debug|Any CPU.ActiveCfg = Debug|Any CPU
		{16686128-D28E-4176-ADE1-24D3C755B811}.Debug|Any CPU.Build.0 = Debug|Any CPU
		{16686128-D28E-4176-ADE1-24D3C755B811}.Debug|ARM.ActiveCfg = Debug|Any CPU
		{16686128-D28E-4176-ADE1-24D3C755B811}.Debug|ARM.Build.0 = Debug|Any CPU
		{16686128-D28E-4176-ADE1-24D3C755B811}.Debug|ARM64.ActiveCfg = Debug|Any CPU
		{16686128-D28E-4176-ADE1-24D3C755B811}.Debug|ARM64.Build.0 = Debug|Any CPU
		{16686128-D28E-4176-ADE1-24D3C755B811}.Debug|x64.ActiveCfg = Debug|Any CPU
		{16686128-D28E-4176-ADE1-24D3C755B811}.Debug|x64.Build.0 = Debug|Any CPU
		{16686128-D28E-4176-ADE1-24D3C755B811}.Debug|x86.ActiveCfg = Debug|Any CPU
		{16686128-D28E-4176-ADE1-24D3C755B811}.Debug|x86.Build.0 = Debug|Any CPU
		{16686128-D28E-4176-ADE1-24D3C755B811}.Release|Any CPU.ActiveCfg = Release|Any CPU
		{16686128-D28E-4176-ADE1-24D3C755B811}.Release|Any CPU.Build.0 = Release|Any CPU
		{16686128-D28E-4176-ADE1-24D3C755B811}.Release|ARM.ActiveCfg = Release|Any CPU
		{16686128-D28E-4176-ADE1-24D3C755B811}.Release|ARM.Build.0 = Release|Any CPU
		{16686128-D28E-4176-ADE1-24D3C755B811}.Release|ARM64.ActiveCfg = Release|Any CPU
		{16686128-D28E-4176-ADE1-24D3C755B811}.Release|ARM64.Build.0 = Release|Any CPU
		{16686128-D28E-4176-ADE1-24D3C755B811}.Release|x64.ActiveCfg = Release|Any CPU
		{16686128-D28E-4176-ADE1-24D3C755B811}.Release|x64.Build.0 = Release|Any CPU
		{16686128-D28E-4176-ADE1-24D3C755B811}.Release|x86.ActiveCfg = Release|Any CPU
		{16686128-D28E-4176-ADE1-24D3C755B811}.Release|x86.Build.0 = Release|Any CPU
		{D028DE76-655B-47BC-9B59-10FC5710FBFC}.Debug|Any CPU.ActiveCfg = Debug|Any CPU
		{D028DE76-655B-47BC-9B59-10FC5710FBFC}.Debug|Any CPU.Build.0 = Debug|Any CPU
		{D028DE76-655B-47BC-9B59-10FC5710FBFC}.Debug|ARM.ActiveCfg = Debug|ARM
		{D028DE76-655B-47BC-9B59-10FC5710FBFC}.Debug|ARM.Build.0 = Debug|ARM
		{D028DE76-655B-47BC-9B59-10FC5710FBFC}.Debug|ARM64.ActiveCfg = Debug|ARM64
		{D028DE76-655B-47BC-9B59-10FC5710FBFC}.Debug|ARM64.Build.0 = Debug|ARM64
		{D028DE76-655B-47BC-9B59-10FC5710FBFC}.Debug|x64.ActiveCfg = Debug|x64
		{D028DE76-655B-47BC-9B59-10FC5710FBFC}.Debug|x64.Build.0 = Debug|x64
		{D028DE76-655B-47BC-9B59-10FC5710FBFC}.Debug|x86.ActiveCfg = Debug|x86
		{D028DE76-655B-47BC-9B59-10FC5710FBFC}.Debug|x86.Build.0 = Debug|x86
		{D028DE76-655B-47BC-9B59-10FC5710FBFC}.Release|Any CPU.ActiveCfg = Release|Any CPU
		{D028DE76-655B-47BC-9B59-10FC5710FBFC}.Release|Any CPU.Build.0 = Release|Any CPU
		{D028DE76-655B-47BC-9B59-10FC5710FBFC}.Release|ARM.ActiveCfg = Release|ARM
		{D028DE76-655B-47BC-9B59-10FC5710FBFC}.Release|ARM.Build.0 = Release|ARM
		{D028DE76-655B-47BC-9B59-10FC5710FBFC}.Release|ARM64.ActiveCfg = Release|ARM64
		{D028DE76-655B-47BC-9B59-10FC5710FBFC}.Release|ARM64.Build.0 = Release|ARM64
		{D028DE76-655B-47BC-9B59-10FC5710FBFC}.Release|x64.ActiveCfg = Release|x64
		{D028DE76-655B-47BC-9B59-10FC5710FBFC}.Release|x64.Build.0 = Release|x64
		{D028DE76-655B-47BC-9B59-10FC5710FBFC}.Release|x86.ActiveCfg = Release|x86
		{D028DE76-655B-47BC-9B59-10FC5710FBFC}.Release|x86.Build.0 = Release|x86
		{A4BF6CD2-7DF0-47AC-BD07-3F277C75109C}.Debug|Any CPU.ActiveCfg = Debug|Any CPU
		{A4BF6CD2-7DF0-47AC-BD07-3F277C75109C}.Debug|Any CPU.Build.0 = Debug|Any CPU
		{A4BF6CD2-7DF0-47AC-BD07-3F277C75109C}.Debug|ARM.ActiveCfg = Debug|ARM
		{A4BF6CD2-7DF0-47AC-BD07-3F277C75109C}.Debug|ARM.Build.0 = Debug|ARM
		{A4BF6CD2-7DF0-47AC-BD07-3F277C75109C}.Debug|ARM64.ActiveCfg = Debug|ARM64
		{A4BF6CD2-7DF0-47AC-BD07-3F277C75109C}.Debug|ARM64.Build.0 = Debug|ARM64
		{A4BF6CD2-7DF0-47AC-BD07-3F277C75109C}.Debug|x64.ActiveCfg = Debug|x64
		{A4BF6CD2-7DF0-47AC-BD07-3F277C75109C}.Debug|x64.Build.0 = Debug|x64
		{A4BF6CD2-7DF0-47AC-BD07-3F277C75109C}.Debug|x86.ActiveCfg = Debug|x86
		{A4BF6CD2-7DF0-47AC-BD07-3F277C75109C}.Debug|x86.Build.0 = Debug|x86
		{A4BF6CD2-7DF0-47AC-BD07-3F277C75109C}.Release|Any CPU.ActiveCfg = Release|Any CPU
		{A4BF6CD2-7DF0-47AC-BD07-3F277C75109C}.Release|Any CPU.Build.0 = Release|Any CPU
		{A4BF6CD2-7DF0-47AC-BD07-3F277C75109C}.Release|ARM.ActiveCfg = Release|ARM
		{A4BF6CD2-7DF0-47AC-BD07-3F277C75109C}.Release|ARM.Build.0 = Release|ARM
		{A4BF6CD2-7DF0-47AC-BD07-3F277C75109C}.Release|ARM64.ActiveCfg = Release|ARM64
		{A4BF6CD2-7DF0-47AC-BD07-3F277C75109C}.Release|ARM64.Build.0 = Release|ARM64
		{A4BF6CD2-7DF0-47AC-BD07-3F277C75109C}.Release|x64.ActiveCfg = Release|x64
		{A4BF6CD2-7DF0-47AC-BD07-3F277C75109C}.Release|x64.Build.0 = Release|x64
		{A4BF6CD2-7DF0-47AC-BD07-3F277C75109C}.Release|x86.ActiveCfg = Release|x86
		{A4BF6CD2-7DF0-47AC-BD07-3F277C75109C}.Release|x86.Build.0 = Release|x86
		{F785B646-4341-4E7A-8E5C-2311962EB1C3}.Debug|Any CPU.ActiveCfg = Debug|Any CPU
		{F785B646-4341-4E7A-8E5C-2311962EB1C3}.Debug|Any CPU.Build.0 = Debug|Any CPU
		{F785B646-4341-4E7A-8E5C-2311962EB1C3}.Debug|ARM.ActiveCfg = Debug|Any CPU
		{F785B646-4341-4E7A-8E5C-2311962EB1C3}.Debug|ARM.Build.0 = Debug|Any CPU
		{F785B646-4341-4E7A-8E5C-2311962EB1C3}.Debug|ARM64.ActiveCfg = Debug|Any CPU
		{F785B646-4341-4E7A-8E5C-2311962EB1C3}.Debug|ARM64.Build.0 = Debug|Any CPU
		{F785B646-4341-4E7A-8E5C-2311962EB1C3}.Debug|x64.ActiveCfg = Debug|Any CPU
		{F785B646-4341-4E7A-8E5C-2311962EB1C3}.Debug|x64.Build.0 = Debug|Any CPU
		{F785B646-4341-4E7A-8E5C-2311962EB1C3}.Debug|x86.ActiveCfg = Debug|Any CPU
		{F785B646-4341-4E7A-8E5C-2311962EB1C3}.Debug|x86.Build.0 = Debug|Any CPU
		{F785B646-4341-4E7A-8E5C-2311962EB1C3}.Release|Any CPU.ActiveCfg = Release|Any CPU
		{F785B646-4341-4E7A-8E5C-2311962EB1C3}.Release|Any CPU.Build.0 = Release|Any CPU
		{F785B646-4341-4E7A-8E5C-2311962EB1C3}.Release|ARM.ActiveCfg = Release|Any CPU
		{F785B646-4341-4E7A-8E5C-2311962EB1C3}.Release|ARM.Build.0 = Release|Any CPU
		{F785B646-4341-4E7A-8E5C-2311962EB1C3}.Release|ARM64.ActiveCfg = Release|Any CPU
		{F785B646-4341-4E7A-8E5C-2311962EB1C3}.Release|ARM64.Build.0 = Release|Any CPU
		{F785B646-4341-4E7A-8E5C-2311962EB1C3}.Release|x64.ActiveCfg = Release|Any CPU
		{F785B646-4341-4E7A-8E5C-2311962EB1C3}.Release|x64.Build.0 = Release|Any CPU
		{F785B646-4341-4E7A-8E5C-2311962EB1C3}.Release|x86.ActiveCfg = Release|Any CPU
		{F785B646-4341-4E7A-8E5C-2311962EB1C3}.Release|x86.Build.0 = Release|Any CPU
		{35F433B9-9C80-4CA4-9731-CF7F683ED777}.Debug|Any CPU.ActiveCfg = Debug|Any CPU
		{35F433B9-9C80-4CA4-9731-CF7F683ED777}.Debug|Any CPU.Build.0 = Debug|Any CPU
		{35F433B9-9C80-4CA4-9731-CF7F683ED777}.Debug|ARM.ActiveCfg = Debug|Any CPU
		{35F433B9-9C80-4CA4-9731-CF7F683ED777}.Debug|ARM.Build.0 = Debug|Any CPU
		{35F433B9-9C80-4CA4-9731-CF7F683ED777}.Debug|ARM64.ActiveCfg = Debug|Any CPU
		{35F433B9-9C80-4CA4-9731-CF7F683ED777}.Debug|ARM64.Build.0 = Debug|Any CPU
		{35F433B9-9C80-4CA4-9731-CF7F683ED777}.Debug|x64.ActiveCfg = Debug|Any CPU
		{35F433B9-9C80-4CA4-9731-CF7F683ED777}.Debug|x64.Build.0 = Debug|Any CPU
		{35F433B9-9C80-4CA4-9731-CF7F683ED777}.Debug|x86.ActiveCfg = Debug|Any CPU
		{35F433B9-9C80-4CA4-9731-CF7F683ED777}.Debug|x86.Build.0 = Debug|Any CPU
		{35F433B9-9C80-4CA4-9731-CF7F683ED777}.Release|Any CPU.ActiveCfg = Release|Any CPU
		{35F433B9-9C80-4CA4-9731-CF7F683ED777}.Release|Any CPU.Build.0 = Release|Any CPU
		{35F433B9-9C80-4CA4-9731-CF7F683ED777}.Release|ARM.ActiveCfg = Release|Any CPU
		{35F433B9-9C80-4CA4-9731-CF7F683ED777}.Release|ARM.Build.0 = Release|Any CPU
		{35F433B9-9C80-4CA4-9731-CF7F683ED777}.Release|ARM64.ActiveCfg = Release|Any CPU
		{35F433B9-9C80-4CA4-9731-CF7F683ED777}.Release|ARM64.Build.0 = Release|Any CPU
		{35F433B9-9C80-4CA4-9731-CF7F683ED777}.Release|x64.ActiveCfg = Release|Any CPU
		{35F433B9-9C80-4CA4-9731-CF7F683ED777}.Release|x64.Build.0 = Release|Any CPU
		{35F433B9-9C80-4CA4-9731-CF7F683ED777}.Release|x86.ActiveCfg = Release|Any CPU
		{35F433B9-9C80-4CA4-9731-CF7F683ED777}.Release|x86.Build.0 = Release|Any CPU
		{594B5EAB-CD1D-4D77-8638-5DF9879505BA}.Debug|Any CPU.ActiveCfg = Debug|x64
		{594B5EAB-CD1D-4D77-8638-5DF9879505BA}.Debug|Any CPU.Build.0 = Debug|x64
		{594B5EAB-CD1D-4D77-8638-5DF9879505BA}.Debug|ARM.ActiveCfg = Debug|ARM
		{594B5EAB-CD1D-4D77-8638-5DF9879505BA}.Debug|ARM.Build.0 = Debug|ARM
		{594B5EAB-CD1D-4D77-8638-5DF9879505BA}.Debug|ARM64.ActiveCfg = Debug|ARM64
		{594B5EAB-CD1D-4D77-8638-5DF9879505BA}.Debug|ARM64.Build.0 = Debug|ARM64
		{594B5EAB-CD1D-4D77-8638-5DF9879505BA}.Debug|x64.ActiveCfg = Debug|x64
		{594B5EAB-CD1D-4D77-8638-5DF9879505BA}.Debug|x64.Build.0 = Debug|x64
		{594B5EAB-CD1D-4D77-8638-5DF9879505BA}.Debug|x86.ActiveCfg = Debug|Win32
		{594B5EAB-CD1D-4D77-8638-5DF9879505BA}.Debug|x86.Build.0 = Debug|Win32
		{594B5EAB-CD1D-4D77-8638-5DF9879505BA}.Release|Any CPU.ActiveCfg = Release|x64
		{594B5EAB-CD1D-4D77-8638-5DF9879505BA}.Release|Any CPU.Build.0 = Release|x64
		{594B5EAB-CD1D-4D77-8638-5DF9879505BA}.Release|ARM.ActiveCfg = Release|ARM
		{594B5EAB-CD1D-4D77-8638-5DF9879505BA}.Release|ARM.Build.0 = Release|ARM
		{594B5EAB-CD1D-4D77-8638-5DF9879505BA}.Release|ARM64.ActiveCfg = Release|ARM64
		{594B5EAB-CD1D-4D77-8638-5DF9879505BA}.Release|ARM64.Build.0 = Release|ARM64
		{594B5EAB-CD1D-4D77-8638-5DF9879505BA}.Release|x64.ActiveCfg = Release|x64
		{594B5EAB-CD1D-4D77-8638-5DF9879505BA}.Release|x64.Build.0 = Release|x64
		{594B5EAB-CD1D-4D77-8638-5DF9879505BA}.Release|x86.ActiveCfg = Release|Win32
		{594B5EAB-CD1D-4D77-8638-5DF9879505BA}.Release|x86.Build.0 = Release|Win32
		{933EBDE5-396B-4435-B937-77DDB29D5D75}.Debug|Any CPU.ActiveCfg = Debug|x64
		{933EBDE5-396B-4435-B937-77DDB29D5D75}.Debug|Any CPU.Build.0 = Debug|x64
		{933EBDE5-396B-4435-B937-77DDB29D5D75}.Debug|ARM.ActiveCfg = Debug|ARM
		{933EBDE5-396B-4435-B937-77DDB29D5D75}.Debug|ARM.Build.0 = Debug|ARM
		{933EBDE5-396B-4435-B937-77DDB29D5D75}.Debug|ARM64.ActiveCfg = Debug|ARM64
		{933EBDE5-396B-4435-B937-77DDB29D5D75}.Debug|ARM64.Build.0 = Debug|ARM64
		{933EBDE5-396B-4435-B937-77DDB29D5D75}.Debug|x64.ActiveCfg = Debug|x64
		{933EBDE5-396B-4435-B937-77DDB29D5D75}.Debug|x64.Build.0 = Debug|x64
		{933EBDE5-396B-4435-B937-77DDB29D5D75}.Debug|x86.ActiveCfg = Debug|Win32
		{933EBDE5-396B-4435-B937-77DDB29D5D75}.Debug|x86.Build.0 = Debug|Win32
		{933EBDE5-396B-4435-B937-77DDB29D5D75}.Release|Any CPU.ActiveCfg = Release|x64
		{933EBDE5-396B-4435-B937-77DDB29D5D75}.Release|Any CPU.Build.0 = Release|x64
		{933EBDE5-396B-4435-B937-77DDB29D5D75}.Release|ARM.ActiveCfg = Release|ARM
		{933EBDE5-396B-4435-B937-77DDB29D5D75}.Release|ARM.Build.0 = Release|ARM
		{933EBDE5-396B-4435-B937-77DDB29D5D75}.Release|ARM64.ActiveCfg = Release|ARM64
		{933EBDE5-396B-4435-B937-77DDB29D5D75}.Release|ARM64.Build.0 = Release|ARM64
		{933EBDE5-396B-4435-B937-77DDB29D5D75}.Release|x64.ActiveCfg = Release|x64
		{933EBDE5-396B-4435-B937-77DDB29D5D75}.Release|x64.Build.0 = Release|x64
		{933EBDE5-396B-4435-B937-77DDB29D5D75}.Release|x86.ActiveCfg = Release|Win32
		{933EBDE5-396B-4435-B937-77DDB29D5D75}.Release|x86.Build.0 = Release|Win32
		{165AB510-AA88-455E-AA94-1EEC898FBFB3}.Debug|Any CPU.ActiveCfg = Debug|Any CPU
		{165AB510-AA88-455E-AA94-1EEC898FBFB3}.Debug|Any CPU.Build.0 = Debug|Any CPU
		{165AB510-AA88-455E-AA94-1EEC898FBFB3}.Debug|ARM.ActiveCfg = Debug|Any CPU
		{165AB510-AA88-455E-AA94-1EEC898FBFB3}.Debug|ARM.Build.0 = Debug|Any CPU
		{165AB510-AA88-455E-AA94-1EEC898FBFB3}.Debug|ARM64.ActiveCfg = Debug|Any CPU
		{165AB510-AA88-455E-AA94-1EEC898FBFB3}.Debug|ARM64.Build.0 = Debug|Any CPU
		{165AB510-AA88-455E-AA94-1EEC898FBFB3}.Debug|x64.ActiveCfg = Debug|Any CPU
		{165AB510-AA88-455E-AA94-1EEC898FBFB3}.Debug|x64.Build.0 = Debug|Any CPU
		{165AB510-AA88-455E-AA94-1EEC898FBFB3}.Debug|x86.ActiveCfg = Debug|Any CPU
		{165AB510-AA88-455E-AA94-1EEC898FBFB3}.Debug|x86.Build.0 = Debug|Any CPU
		{165AB510-AA88-455E-AA94-1EEC898FBFB3}.Release|Any CPU.ActiveCfg = Release|Any CPU
		{165AB510-AA88-455E-AA94-1EEC898FBFB3}.Release|Any CPU.Build.0 = Release|Any CPU
		{165AB510-AA88-455E-AA94-1EEC898FBFB3}.Release|ARM.ActiveCfg = Release|Any CPU
		{165AB510-AA88-455E-AA94-1EEC898FBFB3}.Release|ARM.Build.0 = Release|Any CPU
		{165AB510-AA88-455E-AA94-1EEC898FBFB3}.Release|ARM64.ActiveCfg = Release|Any CPU
		{165AB510-AA88-455E-AA94-1EEC898FBFB3}.Release|ARM64.Build.0 = Release|Any CPU
		{165AB510-AA88-455E-AA94-1EEC898FBFB3}.Release|x64.ActiveCfg = Release|Any CPU
		{165AB510-AA88-455E-AA94-1EEC898FBFB3}.Release|x64.Build.0 = Release|Any CPU
		{165AB510-AA88-455E-AA94-1EEC898FBFB3}.Release|x86.ActiveCfg = Release|Any CPU
		{165AB510-AA88-455E-AA94-1EEC898FBFB3}.Release|x86.Build.0 = Release|Any CPU
		{79632033-7B50-4D87-B28F-264ED887EB80}.Debug|Any CPU.ActiveCfg = Debug|Any CPU
		{79632033-7B50-4D87-B28F-264ED887EB80}.Debug|Any CPU.Build.0 = Debug|Any CPU
		{79632033-7B50-4D87-B28F-264ED887EB80}.Debug|ARM.ActiveCfg = Debug|Any CPU
		{79632033-7B50-4D87-B28F-264ED887EB80}.Debug|ARM.Build.0 = Debug|Any CPU
		{79632033-7B50-4D87-B28F-264ED887EB80}.Debug|ARM64.ActiveCfg = Debug|Any CPU
		{79632033-7B50-4D87-B28F-264ED887EB80}.Debug|ARM64.Build.0 = Debug|Any CPU
		{79632033-7B50-4D87-B28F-264ED887EB80}.Debug|x64.ActiveCfg = Debug|Any CPU
		{79632033-7B50-4D87-B28F-264ED887EB80}.Debug|x64.Build.0 = Debug|Any CPU
		{79632033-7B50-4D87-B28F-264ED887EB80}.Debug|x86.ActiveCfg = Debug|Any CPU
		{79632033-7B50-4D87-B28F-264ED887EB80}.Debug|x86.Build.0 = Debug|Any CPU
		{79632033-7B50-4D87-B28F-264ED887EB80}.Release|Any CPU.ActiveCfg = Release|Any CPU
		{79632033-7B50-4D87-B28F-264ED887EB80}.Release|Any CPU.Build.0 = Release|Any CPU
		{79632033-7B50-4D87-B28F-264ED887EB80}.Release|ARM.ActiveCfg = Release|Any CPU
		{79632033-7B50-4D87-B28F-264ED887EB80}.Release|ARM.Build.0 = Release|Any CPU
		{79632033-7B50-4D87-B28F-264ED887EB80}.Release|ARM64.ActiveCfg = Release|Any CPU
		{79632033-7B50-4D87-B28F-264ED887EB80}.Release|ARM64.Build.0 = Release|Any CPU
		{79632033-7B50-4D87-B28F-264ED887EB80}.Release|x64.ActiveCfg = Release|Any CPU
		{79632033-7B50-4D87-B28F-264ED887EB80}.Release|x64.Build.0 = Release|Any CPU
		{79632033-7B50-4D87-B28F-264ED887EB80}.Release|x86.ActiveCfg = Release|Any CPU
		{79632033-7B50-4D87-B28F-264ED887EB80}.Release|x86.Build.0 = Release|Any CPU
		{018CA960-3EA0-4737-9B99-0B2E3F8FD079}.Debug|Any CPU.ActiveCfg = Debug|Any CPU
		{018CA960-3EA0-4737-9B99-0B2E3F8FD079}.Debug|Any CPU.Build.0 = Debug|Any CPU
		{018CA960-3EA0-4737-9B99-0B2E3F8FD079}.Debug|ARM.ActiveCfg = Debug|ARM
		{018CA960-3EA0-4737-9B99-0B2E3F8FD079}.Debug|ARM.Build.0 = Debug|ARM
		{018CA960-3EA0-4737-9B99-0B2E3F8FD079}.Debug|ARM64.ActiveCfg = Debug|ARM64
		{018CA960-3EA0-4737-9B99-0B2E3F8FD079}.Debug|ARM64.Build.0 = Debug|ARM64
		{018CA960-3EA0-4737-9B99-0B2E3F8FD079}.Debug|x64.ActiveCfg = Debug|x64
		{018CA960-3EA0-4737-9B99-0B2E3F8FD079}.Debug|x64.Build.0 = Debug|x64
		{018CA960-3EA0-4737-9B99-0B2E3F8FD079}.Debug|x86.ActiveCfg = Debug|x86
		{018CA960-3EA0-4737-9B99-0B2E3F8FD079}.Debug|x86.Build.0 = Debug|x86
		{018CA960-3EA0-4737-9B99-0B2E3F8FD079}.Release|Any CPU.ActiveCfg = Release|Any CPU
		{018CA960-3EA0-4737-9B99-0B2E3F8FD079}.Release|Any CPU.Build.0 = Release|Any CPU
		{018CA960-3EA0-4737-9B99-0B2E3F8FD079}.Release|ARM.ActiveCfg = Release|ARM
		{018CA960-3EA0-4737-9B99-0B2E3F8FD079}.Release|ARM.Build.0 = Release|ARM
		{018CA960-3EA0-4737-9B99-0B2E3F8FD079}.Release|ARM64.ActiveCfg = Release|ARM64
		{018CA960-3EA0-4737-9B99-0B2E3F8FD079}.Release|ARM64.Build.0 = Release|ARM64
		{018CA960-3EA0-4737-9B99-0B2E3F8FD079}.Release|x64.ActiveCfg = Release|x64
		{018CA960-3EA0-4737-9B99-0B2E3F8FD079}.Release|x64.Build.0 = Release|x64
		{018CA960-3EA0-4737-9B99-0B2E3F8FD079}.Release|x86.ActiveCfg = Release|x86
		{018CA960-3EA0-4737-9B99-0B2E3F8FD079}.Release|x86.Build.0 = Release|x86
		{3B123CF9-6A0F-4B5D-BAA2-2A3CCAED6946}.Debug|Any CPU.ActiveCfg = Debug|x64
		{3B123CF9-6A0F-4B5D-BAA2-2A3CCAED6946}.Debug|Any CPU.Build.0 = Debug|x64
		{3B123CF9-6A0F-4B5D-BAA2-2A3CCAED6946}.Debug|Any CPU.Deploy.0 = Debug|x64
		{3B123CF9-6A0F-4B5D-BAA2-2A3CCAED6946}.Debug|ARM.ActiveCfg = Debug|ARM
		{3B123CF9-6A0F-4B5D-BAA2-2A3CCAED6946}.Debug|ARM.Build.0 = Debug|ARM
		{3B123CF9-6A0F-4B5D-BAA2-2A3CCAED6946}.Debug|ARM.Deploy.0 = Debug|ARM
		{3B123CF9-6A0F-4B5D-BAA2-2A3CCAED6946}.Debug|ARM64.ActiveCfg = Debug|ARM64
		{3B123CF9-6A0F-4B5D-BAA2-2A3CCAED6946}.Debug|ARM64.Build.0 = Debug|ARM64
		{3B123CF9-6A0F-4B5D-BAA2-2A3CCAED6946}.Debug|ARM64.Deploy.0 = Debug|ARM64
		{3B123CF9-6A0F-4B5D-BAA2-2A3CCAED6946}.Debug|x64.ActiveCfg = Debug|x64
		{3B123CF9-6A0F-4B5D-BAA2-2A3CCAED6946}.Debug|x64.Build.0 = Debug|x64
		{3B123CF9-6A0F-4B5D-BAA2-2A3CCAED6946}.Debug|x64.Deploy.0 = Debug|x64
		{3B123CF9-6A0F-4B5D-BAA2-2A3CCAED6946}.Debug|x86.ActiveCfg = Debug|x86
		{3B123CF9-6A0F-4B5D-BAA2-2A3CCAED6946}.Debug|x86.Build.0 = Debug|x86
		{3B123CF9-6A0F-4B5D-BAA2-2A3CCAED6946}.Debug|x86.Deploy.0 = Debug|x86
		{3B123CF9-6A0F-4B5D-BAA2-2A3CCAED6946}.Release|Any CPU.ActiveCfg = Release|x64
		{3B123CF9-6A0F-4B5D-BAA2-2A3CCAED6946}.Release|Any CPU.Build.0 = Release|x64
		{3B123CF9-6A0F-4B5D-BAA2-2A3CCAED6946}.Release|Any CPU.Deploy.0 = Release|x64
		{3B123CF9-6A0F-4B5D-BAA2-2A3CCAED6946}.Release|ARM.ActiveCfg = Release|ARM
		{3B123CF9-6A0F-4B5D-BAA2-2A3CCAED6946}.Release|ARM.Build.0 = Release|ARM
		{3B123CF9-6A0F-4B5D-BAA2-2A3CCAED6946}.Release|ARM.Deploy.0 = Release|ARM
		{3B123CF9-6A0F-4B5D-BAA2-2A3CCAED6946}.Release|ARM64.ActiveCfg = Release|ARM64
		{3B123CF9-6A0F-4B5D-BAA2-2A3CCAED6946}.Release|ARM64.Build.0 = Release|ARM64
		{3B123CF9-6A0F-4B5D-BAA2-2A3CCAED6946}.Release|ARM64.Deploy.0 = Release|ARM64
		{3B123CF9-6A0F-4B5D-BAA2-2A3CCAED6946}.Release|x64.ActiveCfg = Release|x64
		{3B123CF9-6A0F-4B5D-BAA2-2A3CCAED6946}.Release|x64.Build.0 = Release|x64
		{3B123CF9-6A0F-4B5D-BAA2-2A3CCAED6946}.Release|x64.Deploy.0 = Release|x64
		{3B123CF9-6A0F-4B5D-BAA2-2A3CCAED6946}.Release|x86.ActiveCfg = Release|x86
		{3B123CF9-6A0F-4B5D-BAA2-2A3CCAED6946}.Release|x86.Build.0 = Release|x86
		{3B123CF9-6A0F-4B5D-BAA2-2A3CCAED6946}.Release|x86.Deploy.0 = Release|x86
	EndGlobalSection
	GlobalSection(SolutionProperties) = preSolution
		HideSolutionNode = FALSE
	EndGlobalSection
	GlobalSection(ExtensibilityGlobals) = postSolution
		SolutionGuid = {70ED4304-A96A-4E7C-8DDD-5FD936FA12B3}
	EndGlobalSection
EndGlobal
